// !$*UTF8*$!
{
	archiveVersion = 1;
	classes = {
	};
	objectVersion = 55;
	objects = {

/* Begin PBXBuildFile section */
		327275D79075220827888F16 /* Pods_SF_DDoketkurly.framework in Frameworks */ = {isa = PBXBuildFile; fileRef = 28778E6670B5BB4651E0B29D /* Pods_SF_DDoketkurly.framework */; };
		5B8EBD332769E61300219CC6 /* AppDelegate.swift in Sources */ = {isa = PBXBuildFile; fileRef = 5B8EBD322769E61300219CC6 /* AppDelegate.swift */; };
		5B8EBD352769E61300219CC6 /* SceneDelegate.swift in Sources */ = {isa = PBXBuildFile; fileRef = 5B8EBD342769E61300219CC6 /* SceneDelegate.swift */; };
		5B8EBD372769E61300219CC6 /* HomeVC.swift in Sources */ = {isa = PBXBuildFile; fileRef = 5B8EBD362769E61300219CC6 /* HomeVC.swift */; };
		5B8EBD3A2769E61300219CC6 /* Main.storyboard in Resources */ = {isa = PBXBuildFile; fileRef = 5B8EBD382769E61300219CC6 /* Main.storyboard */; };
		5B8EBD3C2769E61800219CC6 /* Assets.xcassets in Resources */ = {isa = PBXBuildFile; fileRef = 5B8EBD3B2769E61800219CC6 /* Assets.xcassets */; };
		5B8EBD3F2769E61800219CC6 /* LaunchScreen.storyboard in Resources */ = {isa = PBXBuildFile; fileRef = 5B8EBD3D2769E61800219CC6 /* LaunchScreen.storyboard */; };
		5B8EBD542769F2BE00219CC6 /* MockParser.swift in Sources */ = {isa = PBXBuildFile; fileRef = 5B8EBD532769F2BE00219CC6 /* MockParser.swift */; };
		5BE1D079276CD66A0091D788 /* swiftgen.yml in Resources */ = {isa = PBXBuildFile; fileRef = 5BE1D078276CD66A0091D788 /* swiftgen.yml */; };
		5BE1D07D276CD7200091D788 /* Colors.xcassets in Resources */ = {isa = PBXBuildFile; fileRef = 5BE1D07C276CD7200091D788 /* Colors.xcassets */; };
		5BE1D07F276CE6620091D788 /* Assets+Generated.swift in Sources */ = {isa = PBXBuildFile; fileRef = 5BE1D07E276CE6620091D788 /* Assets+Generated.swift */; };
		5BE1D081276CF3D80091D788 /* Extensions.swift in Sources */ = {isa = PBXBuildFile; fileRef = 5BE1D080276CF3D80091D788 /* Extensions.swift */; };
/* End PBXBuildFile section */

/* Begin PBXFileReference section */
		28778E6670B5BB4651E0B29D /* Pods_SF_DDoketkurly.framework */ = {isa = PBXFileReference; explicitFileType = wrapper.framework; includeInIndex = 0; path = Pods_SF_DDoketkurly.framework; sourceTree = BUILT_PRODUCTS_DIR; };
		5B8EBD2F2769E61300219CC6 /* SF-DDoketkurly.app */ = {isa = PBXFileReference; explicitFileType = wrapper.application; includeInIndex = 0; path = "SF-DDoketkurly.app"; sourceTree = BUILT_PRODUCTS_DIR; };
		5B8EBD322769E61300219CC6 /* AppDelegate.swift */ = {isa = PBXFileReference; lastKnownFileType = sourcecode.swift; path = AppDelegate.swift; sourceTree = "<group>"; };
		5B8EBD342769E61300219CC6 /* SceneDelegate.swift */ = {isa = PBXFileReference; lastKnownFileType = sourcecode.swift; path = SceneDelegate.swift; sourceTree = "<group>"; };
		5B8EBD362769E61300219CC6 /* HomeVC.swift */ = {isa = PBXFileReference; lastKnownFileType = sourcecode.swift; path = HomeVC.swift; sourceTree = "<group>"; };
		5B8EBD392769E61300219CC6 /* Base */ = {isa = PBXFileReference; lastKnownFileType = file.storyboard; name = Base; path = Base.lproj/Main.storyboard; sourceTree = "<group>"; };
		5B8EBD3B2769E61800219CC6 /* Assets.xcassets */ = {isa = PBXFileReference; lastKnownFileType = folder.assetcatalog; path = Assets.xcassets; sourceTree = "<group>"; };
		5B8EBD3E2769E61800219CC6 /* Base */ = {isa = PBXFileReference; lastKnownFileType = file.storyboard; name = Base; path = Base.lproj/LaunchScreen.storyboard; sourceTree = "<group>"; };
		5B8EBD402769E61800219CC6 /* Info.plist */ = {isa = PBXFileReference; lastKnownFileType = text.plist.xml; path = Info.plist; sourceTree = "<group>"; };
		5B8EBD532769F2BE00219CC6 /* MockParser.swift */ = {isa = PBXFileReference; lastKnownFileType = sourcecode.swift; path = MockParser.swift; sourceTree = "<group>"; };
		5BE1D078276CD66A0091D788 /* swiftgen.yml */ = {isa = PBXFileReference; fileEncoding = 4; lastKnownFileType = text.yaml; path = swiftgen.yml; sourceTree = "<group>"; };
		5BE1D07C276CD7200091D788 /* Colors.xcassets */ = {isa = PBXFileReference; lastKnownFileType = folder.assetcatalog; path = Colors.xcassets; sourceTree = "<group>"; };
		5BE1D07E276CE6620091D788 /* Assets+Generated.swift */ = {isa = PBXFileReference; fileEncoding = 4; lastKnownFileType = sourcecode.swift; path = "Assets+Generated.swift"; sourceTree = "<group>"; };
		5BE1D080276CF3D80091D788 /* Extensions.swift */ = {isa = PBXFileReference; lastKnownFileType = sourcecode.swift; path = Extensions.swift; sourceTree = "<group>"; };
		B9416BEF4DB59529042585E1 /* Pods-SF-DDoketkurly.debug.xcconfig */ = {isa = PBXFileReference; includeInIndex = 1; lastKnownFileType = text.xcconfig; name = "Pods-SF-DDoketkurly.debug.xcconfig"; path = "Target Support Files/Pods-SF-DDoketkurly/Pods-SF-DDoketkurly.debug.xcconfig"; sourceTree = "<group>"; };
		F2C7C248B1519107A004FC03 /* Pods-SF-DDoketkurly.release.xcconfig */ = {isa = PBXFileReference; includeInIndex = 1; lastKnownFileType = text.xcconfig; name = "Pods-SF-DDoketkurly.release.xcconfig"; path = "Target Support Files/Pods-SF-DDoketkurly/Pods-SF-DDoketkurly.release.xcconfig"; sourceTree = "<group>"; };
/* End PBXFileReference section */

/* Begin PBXFrameworksBuildPhase section */
		5B8EBD2C2769E61300219CC6 /* Frameworks */ = {
			isa = PBXFrameworksBuildPhase;
			buildActionMask = 2147483647;
			files = (
				327275D79075220827888F16 /* Pods_SF_DDoketkurly.framework in Frameworks */,
			);
			runOnlyForDeploymentPostprocessing = 0;
		};
/* End PBXFrameworksBuildPhase section */

/* Begin PBXGroup section */
		5B8EBD262769E61300219CC6 = {
			isa = PBXGroup;
			children = (
				5BE1D078276CD66A0091D788 /* swiftgen.yml */,
				5B8EBD312769E61300219CC6 /* SF-DDoketkurly */,
				5B8EBD302769E61300219CC6 /* Products */,
				B1171F0B9C79EB5AC2357A41 /* Pods */,
				95F74BD05BCFBB9580ABC826 /* Frameworks */,
			);
			sourceTree = "<group>";
		};
		5B8EBD302769E61300219CC6 /* Products */ = {
			isa = PBXGroup;
			children = (
				5B8EBD2F2769E61300219CC6 /* SF-DDoketkurly.app */,
			);
			name = Products;
			sourceTree = "<group>";
		};
		5B8EBD312769E61300219CC6 /* SF-DDoketkurly */ = {
			isa = PBXGroup;
			children = (
				5B8EBD462769E86800219CC6 /* Source */,
				5B8EBD4F2769F23100219CC6 /* Global */,
				5B8EBD472769E87200219CC6 /* Resource */,
			);
			path = "SF-DDoketkurly";
			sourceTree = "<group>";
		};
		5B8EBD462769E86800219CC6 /* Source */ = {
			isa = PBXGroup;
			children = (
				5B8EBD4C2769E8A500219CC6 /* Model */,
				5B8EBD4B2769E89A00219CC6 /* View */,
				5B8EBD492769E88300219CC6 /* Controller */,
			);
			path = Source;
			sourceTree = "<group>";
		};
		5B8EBD472769E87200219CC6 /* Resource */ = {
			isa = PBXGroup;
			children = (
				5B8EBD482769E87C00219CC6 /* Support */,
				5B8EBD3B2769E61800219CC6 /* Assets.xcassets */,
				5BE1D07C276CD7200091D788 /* Colors.xcassets */,
				5B8EBD402769E61800219CC6 /* Info.plist */,
				5B8EBD382769E61300219CC6 /* Main.storyboard */,
				5B8EBD3D2769E61800219CC6 /* LaunchScreen.storyboard */,
			);
			path = Resource;
			sourceTree = "<group>";
		};
		5B8EBD482769E87C00219CC6 /* Support */ = {
			isa = PBXGroup;
			children = (
				5B8EBD322769E61300219CC6 /* AppDelegate.swift */,
				5B8EBD342769E61300219CC6 /* SceneDelegate.swift */,
			);
			path = Support;
			sourceTree = "<group>";
		};
		5B8EBD492769E88300219CC6 /* Controller */ = {
			isa = PBXGroup;
			children = (
				5B8EBD362769E61300219CC6 /* HomeVC.swift */,
			);
			path = Controller;
			sourceTree = "<group>";
		};
		5B8EBD4A2769E89400219CC6 /* Cell */ = {
			isa = PBXGroup;
			children = (
			);
			path = Cell;
			sourceTree = "<group>";
		};
		5B8EBD4B2769E89A00219CC6 /* View */ = {
			isa = PBXGroup;
			children = (
				5B8EBD4A2769E89400219CC6 /* Cell */,
			);
			path = View;
			sourceTree = "<group>";
		};
		5B8EBD4C2769E8A500219CC6 /* Model */ = {
			isa = PBXGroup;
			children = (
				5B8EBD512769F26E00219CC6 /* Network */,
			);
			path = Model;
			sourceTree = "<group>";
		};
		5B8EBD4E2769F22900219CC6 /* Constant */ = {
			isa = PBXGroup;
			children = (
				5BE1D07E276CE6620091D788 /* Assets+Generated.swift */,
			);
			path = Constant;
			sourceTree = "<group>";
		};
		5B8EBD4F2769F23100219CC6 /* Global */ = {
			isa = PBXGroup;
			children = (
				5B8EBD4E2769F22900219CC6 /* Constant */,
				5BE1D080276CF3D80091D788 /* Extensions.swift */,
			);
			path = Global;
			sourceTree = "<group>";
		};
		5B8EBD512769F26E00219CC6 /* Network */ = {
			isa = PBXGroup;
			children = (
				5B8EBD522769F2B300219CC6 /* Mock */,
			);
			path = Network;
			sourceTree = "<group>";
		};
		5B8EBD522769F2B300219CC6 /* Mock */ = {
			isa = PBXGroup;
			children = (
				5B8EBD532769F2BE00219CC6 /* MockParser.swift */,
			);
			path = Mock;
			sourceTree = "<group>";
		};
		95F74BD05BCFBB9580ABC826 /* Frameworks */ = {
			isa = PBXGroup;
			children = (
				28778E6670B5BB4651E0B29D /* Pods_SF_DDoketkurly.framework */,
			);
			name = Frameworks;
			sourceTree = "<group>";
		};
		B1171F0B9C79EB5AC2357A41 /* Pods */ = {
			isa = PBXGroup;
			children = (
				B9416BEF4DB59529042585E1 /* Pods-SF-DDoketkurly.debug.xcconfig */,
				F2C7C248B1519107A004FC03 /* Pods-SF-DDoketkurly.release.xcconfig */,
			);
			path = Pods;
			sourceTree = "<group>";
		};
/* End PBXGroup section */

/* Begin PBXNativeTarget section */
		5B8EBD2E2769E61300219CC6 /* SF-DDoketkurly */ = {
			isa = PBXNativeTarget;
			buildConfigurationList = 5B8EBD432769E61800219CC6 /* Build configuration list for PBXNativeTarget "SF-DDoketkurly" */;
			buildPhases = (
				45738422CB6D3B30DB68D227 /* [CP] Check Pods Manifest.lock */,
				5BE1D07A276CD6CA0091D788 /* ShellScript */,
				5B8EBD2B2769E61300219CC6 /* Sources */,
				5B8EBD2C2769E61300219CC6 /* Frameworks */,
				5B8EBD2D2769E61300219CC6 /* Resources */,
				F2A361B453DE754529A68025 /* [CP] Embed Pods Frameworks */,
			);
			buildRules = (
			);
			dependencies = (
			);
			name = "SF-DDoketkurly";
			productName = "SF-DDoketkurly";
			productReference = 5B8EBD2F2769E61300219CC6 /* SF-DDoketkurly.app */;
			productType = "com.apple.product-type.application";
		};
/* End PBXNativeTarget section */

/* Begin PBXProject section */
		5B8EBD272769E61300219CC6 /* Project object */ = {
			isa = PBXProject;
			attributes = {
				BuildIndependentTargetsInParallel = 1;
				LastSwiftUpdateCheck = 1300;
				LastUpgradeCheck = 1300;
				TargetAttributes = {
					5B8EBD2E2769E61300219CC6 = {
						CreatedOnToolsVersion = 13.0;
					};
				};
			};
			buildConfigurationList = 5B8EBD2A2769E61300219CC6 /* Build configuration list for PBXProject "SF-DDoketkurly" */;
			compatibilityVersion = "Xcode 13.0";
			developmentRegion = en;
			hasScannedForEncodings = 0;
			knownRegions = (
				en,
				Base,
			);
			mainGroup = 5B8EBD262769E61300219CC6;
			productRefGroup = 5B8EBD302769E61300219CC6 /* Products */;
			projectDirPath = "";
			projectRoot = "";
			targets = (
				5B8EBD2E2769E61300219CC6 /* SF-DDoketkurly */,
			);
		};
/* End PBXProject section */

/* Begin PBXResourcesBuildPhase section */
		5B8EBD2D2769E61300219CC6 /* Resources */ = {
			isa = PBXResourcesBuildPhase;
			buildActionMask = 2147483647;
			files = (
				5BE1D07D276CD7200091D788 /* Colors.xcassets in Resources */,
				5B8EBD3F2769E61800219CC6 /* LaunchScreen.storyboard in Resources */,
				5B8EBD3C2769E61800219CC6 /* Assets.xcassets in Resources */,
				5B8EBD3A2769E61300219CC6 /* Main.storyboard in Resources */,
				5BE1D079276CD66A0091D788 /* swiftgen.yml in Resources */,
			);
			runOnlyForDeploymentPostprocessing = 0;
		};
/* End PBXResourcesBuildPhase section */

/* Begin PBXShellScriptBuildPhase section */
		45738422CB6D3B30DB68D227 /* [CP] Check Pods Manifest.lock */ = {
			isa = PBXShellScriptBuildPhase;
			buildActionMask = 2147483647;
			files = (
			);
			inputFileListPaths = (
			);
			inputPaths = (
				"${PODS_PODFILE_DIR_PATH}/Podfile.lock",
				"${PODS_ROOT}/Manifest.lock",
			);
			name = "[CP] Check Pods Manifest.lock";
			outputFileListPaths = (
			);
			outputPaths = (
				"$(DERIVED_FILE_DIR)/Pods-SF-DDoketkurly-checkManifestLockResult.txt",
			);
			runOnlyForDeploymentPostprocessing = 0;
			shellPath = /bin/sh;
			shellScript = "diff \"${PODS_PODFILE_DIR_PATH}/Podfile.lock\" \"${PODS_ROOT}/Manifest.lock\" > /dev/null\nif [ $? != 0 ] ; then\n    # print error to STDERR\n    echo \"error: The sandbox is not in sync with the Podfile.lock. Run 'pod install' or update your CocoaPods installation.\" >&2\n    exit 1\nfi\n# This output is used by Xcode 'outputs' to avoid re-running this script phase.\necho \"SUCCESS\" > \"${SCRIPT_OUTPUT_FILE_0}\"\n";
			showEnvVarsInLog = 0;
		};
		5BE1D07A276CD6CA0091D788 /* ShellScript */ = {
			isa = PBXShellScriptBuildPhase;
			buildActionMask = 2147483647;
			files = (
			);
			inputFileListPaths = (
			);
			inputPaths = (
			);
			outputFileListPaths = (
			);
			outputPaths = (
			);
			runOnlyForDeploymentPostprocessing = 0;
			shellPath = /bin/sh;
			shellScript = "if [[ -f \"${PODS_ROOT}/SwiftGen/bin/swiftgen\" ]]; then\n  \"${PODS_ROOT}/SwiftGen/bin/swiftgen\"\nelse\n  echo \"warning: SwiftGen is not installed. Run 'pod install --repo-update' to install it.\"\nfi\n";
		};
		F2A361B453DE754529A68025 /* [CP] Embed Pods Frameworks */ = {
			isa = PBXShellScriptBuildPhase;
			buildActionMask = 2147483647;
			files = (
			);
			inputFileListPaths = (
				"${PODS_ROOT}/Target Support Files/Pods-SF-DDoketkurly/Pods-SF-DDoketkurly-frameworks-${CONFIGURATION}-input-files.xcfilelist",
			);
			name = "[CP] Embed Pods Frameworks";
			outputFileListPaths = (
				"${PODS_ROOT}/Target Support Files/Pods-SF-DDoketkurly/Pods-SF-DDoketkurly-frameworks-${CONFIGURATION}-output-files.xcfilelist",
			);
			runOnlyForDeploymentPostprocessing = 0;
			shellPath = /bin/sh;
			shellScript = "\"${PODS_ROOT}/Target Support Files/Pods-SF-DDoketkurly/Pods-SF-DDoketkurly-frameworks.sh\"\n";
			showEnvVarsInLog = 0;
		};
/* End PBXShellScriptBuildPhase section */

/* Begin PBXSourcesBuildPhase section */
		5B8EBD2B2769E61300219CC6 /* Sources */ = {
			isa = PBXSourcesBuildPhase;
			buildActionMask = 2147483647;
			files = (
				5B8EBD372769E61300219CC6 /* HomeVC.swift in Sources */,
				5BE1D081276CF3D80091D788 /* Extensions.swift in Sources */,
				5B8EBD332769E61300219CC6 /* AppDelegate.swift in Sources */,
				5B8EBD542769F2BE00219CC6 /* MockParser.swift in Sources */,
				5BE1D07F276CE6620091D788 /* Assets+Generated.swift in Sources */,
				5B8EBD352769E61300219CC6 /* SceneDelegate.swift in Sources */,
			);
			runOnlyForDeploymentPostprocessing = 0;
		};
/* End PBXSourcesBuildPhase section */

/* Begin PBXVariantGroup section */
		5B8EBD382769E61300219CC6 /* Main.storyboard */ = {
			isa = PBXVariantGroup;
			children = (
				5B8EBD392769E61300219CC6 /* Base */,
			);
			name = Main.storyboard;
			sourceTree = "<group>";
		};
		5B8EBD3D2769E61800219CC6 /* LaunchScreen.storyboard */ = {
			isa = PBXVariantGroup;
			children = (
				5B8EBD3E2769E61800219CC6 /* Base */,
			);
			name = LaunchScreen.storyboard;
			sourceTree = "<group>";
		};
/* End PBXVariantGroup section */

/* Begin XCBuildConfiguration section */
		5B8EBD412769E61800219CC6 /* Debug */ = {
			isa = XCBuildConfiguration;
			buildSettings = {
				ALWAYS_SEARCH_USER_PATHS = NO;
				CLANG_ANALYZER_NONNULL = YES;
				CLANG_ANALYZER_NUMBER_OBJECT_CONVERSION = YES_AGGRESSIVE;
				CLANG_CXX_LANGUAGE_STANDARD = "gnu++17";
				CLANG_CXX_LIBRARY = "libc++";
				CLANG_ENABLE_MODULES = YES;
				CLANG_ENABLE_OBJC_ARC = YES;
				CLANG_ENABLE_OBJC_WEAK = YES;
				CLANG_WARN_BLOCK_CAPTURE_AUTORELEASING = YES;
				CLANG_WARN_BOOL_CONVERSION = YES;
				CLANG_WARN_COMMA = YES;
				CLANG_WARN_CONSTANT_CONVERSION = YES;
				CLANG_WARN_DEPRECATED_OBJC_IMPLEMENTATIONS = YES;
				CLANG_WARN_DIRECT_OBJC_ISA_USAGE = YES_ERROR;
				CLANG_WARN_DOCUMENTATION_COMMENTS = YES;
				CLANG_WARN_EMPTY_BODY = YES;
				CLANG_WARN_ENUM_CONVERSION = YES;
				CLANG_WARN_INFINITE_RECURSION = YES;
				CLANG_WARN_INT_CONVERSION = YES;
				CLANG_WARN_NON_LITERAL_NULL_CONVERSION = YES;
				CLANG_WARN_OBJC_IMPLICIT_RETAIN_SELF = YES;
				CLANG_WARN_OBJC_LITERAL_CONVERSION = YES;
				CLANG_WARN_OBJC_ROOT_CLASS = YES_ERROR;
				CLANG_WARN_QUOTED_INCLUDE_IN_FRAMEWORK_HEADER = YES;
				CLANG_WARN_RANGE_LOOP_ANALYSIS = YES;
				CLANG_WARN_STRICT_PROTOTYPES = YES;
				CLANG_WARN_SUSPICIOUS_MOVE = YES;
				CLANG_WARN_UNGUARDED_AVAILABILITY = YES_AGGRESSIVE;
				CLANG_WARN_UNREACHABLE_CODE = YES;
				CLANG_WARN__DUPLICATE_METHOD_MATCH = YES;
				COPY_PHASE_STRIP = NO;
				DEBUG_INFORMATION_FORMAT = dwarf;
				ENABLE_STRICT_OBJC_MSGSEND = YES;
				ENABLE_TESTABILITY = YES;
				GCC_C_LANGUAGE_STANDARD = gnu11;
				GCC_DYNAMIC_NO_PIC = NO;
				GCC_NO_COMMON_BLOCKS = YES;
				GCC_OPTIMIZATION_LEVEL = 0;
				GCC_PREPROCESSOR_DEFINITIONS = (
					"DEBUG=1",
					"$(inherited)",
				);
				GCC_WARN_64_TO_32_BIT_CONVERSION = YES;
				GCC_WARN_ABOUT_RETURN_TYPE = YES_ERROR;
				GCC_WARN_UNDECLARED_SELECTOR = YES;
				GCC_WARN_UNINITIALIZED_AUTOS = YES_AGGRESSIVE;
				GCC_WARN_UNUSED_FUNCTION = YES;
				GCC_WARN_UNUSED_VARIABLE = YES;
				IPHONEOS_DEPLOYMENT_TARGET = 15.0;
				MTL_ENABLE_DEBUG_INFO = INCLUDE_SOURCE;
				MTL_FAST_MATH = YES;
				ONLY_ACTIVE_ARCH = YES;
				SDKROOT = iphoneos;
				SWIFT_ACTIVE_COMPILATION_CONDITIONS = DEBUG;
				SWIFT_OPTIMIZATION_LEVEL = "-Onone";
			};
			name = Debug;
		};
		5B8EBD422769E61800219CC6 /* Release */ = {
			isa = XCBuildConfiguration;
			buildSettings = {
				ALWAYS_SEARCH_USER_PATHS = NO;
				CLANG_ANALYZER_NONNULL = YES;
				CLANG_ANALYZER_NUMBER_OBJECT_CONVERSION = YES_AGGRESSIVE;
				CLANG_CXX_LANGUAGE_STANDARD = "gnu++17";
				CLANG_CXX_LIBRARY = "libc++";
				CLANG_ENABLE_MODULES = YES;
				CLANG_ENABLE_OBJC_ARC = YES;
				CLANG_ENABLE_OBJC_WEAK = YES;
				CLANG_WARN_BLOCK_CAPTURE_AUTORELEASING = YES;
				CLANG_WARN_BOOL_CONVERSION = YES;
				CLANG_WARN_COMMA = YES;
				CLANG_WARN_CONSTANT_CONVERSION = YES;
				CLANG_WARN_DEPRECATED_OBJC_IMPLEMENTATIONS = YES;
				CLANG_WARN_DIRECT_OBJC_ISA_USAGE = YES_ERROR;
				CLANG_WARN_DOCUMENTATION_COMMENTS = YES;
				CLANG_WARN_EMPTY_BODY = YES;
				CLANG_WARN_ENUM_CONVERSION = YES;
				CLANG_WARN_INFINITE_RECURSION = YES;
				CLANG_WARN_INT_CONVERSION = YES;
				CLANG_WARN_NON_LITERAL_NULL_CONVERSION = YES;
				CLANG_WARN_OBJC_IMPLICIT_RETAIN_SELF = YES;
				CLANG_WARN_OBJC_LITERAL_CONVERSION = YES;
				CLANG_WARN_OBJC_ROOT_CLASS = YES_ERROR;
				CLANG_WARN_QUOTED_INCLUDE_IN_FRAMEWORK_HEADER = YES;
				CLANG_WARN_RANGE_LOOP_ANALYSIS = YES;
				CLANG_WARN_STRICT_PROTOTYPES = YES;
				CLANG_WARN_SUSPICIOUS_MOVE = YES;
				CLANG_WARN_UNGUARDED_AVAILABILITY = YES_AGGRESSIVE;
				CLANG_WARN_UNREACHABLE_CODE = YES;
				CLANG_WARN__DUPLICATE_METHOD_MATCH = YES;
				COPY_PHASE_STRIP = NO;
				DEBUG_INFORMATION_FORMAT = "dwarf-with-dsym";
				ENABLE_NS_ASSERTIONS = NO;
				ENABLE_STRICT_OBJC_MSGSEND = YES;
				GCC_C_LANGUAGE_STANDARD = gnu11;
				GCC_NO_COMMON_BLOCKS = YES;
				GCC_WARN_64_TO_32_BIT_CONVERSION = YES;
				GCC_WARN_ABOUT_RETURN_TYPE = YES_ERROR;
				GCC_WARN_UNDECLARED_SELECTOR = YES;
				GCC_WARN_UNINITIALIZED_AUTOS = YES_AGGRESSIVE;
				GCC_WARN_UNUSED_FUNCTION = YES;
				GCC_WARN_UNUSED_VARIABLE = YES;
				IPHONEOS_DEPLOYMENT_TARGET = 15.0;
				MTL_ENABLE_DEBUG_INFO = NO;
				MTL_FAST_MATH = YES;
				SDKROOT = iphoneos;
				SWIFT_COMPILATION_MODE = wholemodule;
				SWIFT_OPTIMIZATION_LEVEL = "-O";
				VALIDATE_PRODUCT = YES;
			};
			name = Release;
		};
		5B8EBD442769E61800219CC6 /* Debug */ = {
			isa = XCBuildConfiguration;
			baseConfigurationReference = B9416BEF4DB59529042585E1 /* Pods-SF-DDoketkurly.debug.xcconfig */;
			buildSettings = {
				ASSETCATALOG_COMPILER_APPICON_NAME = AppIcon;
				ASSETCATALOG_COMPILER_GLOBAL_ACCENT_COLOR_NAME = AccentColor;
				CODE_SIGN_STYLE = Automatic;
				CURRENT_PROJECT_VERSION = 1;
				DEVELOPMENT_TEAM = 5GQ6QL9S3X;
				GENERATE_INFOPLIST_FILE = YES;
				INFOPLIST_FILE = "SF-DDoketkurly/Resource/Info.plist";
				INFOPLIST_KEY_UIApplicationSupportsIndirectInputEvents = YES;
				INFOPLIST_KEY_UILaunchStoryboardName = LaunchScreen;
				INFOPLIST_KEY_UIMainStoryboardFile = Main;
				INFOPLIST_KEY_UISupportedInterfaceOrientations_iPad = "UIInterfaceOrientationPortrait UIInterfaceOrientationPortraitUpsideDown UIInterfaceOrientationLandscapeLeft UIInterfaceOrientationLandscapeRight";
				INFOPLIST_KEY_UISupportedInterfaceOrientations_iPhone = "UIInterfaceOrientationPortrait UIInterfaceOrientationLandscapeLeft UIInterfaceOrientationLandscapeRight";
				LD_RUNPATH_SEARCH_PATHS = (
					"$(inherited)",
					"@executable_path/Frameworks",
				);
				MARKETING_VERSION = 1.0;
				PRODUCT_BUNDLE_IDENTIFIER = "com.ruheekim.SF-DDoketkurly";
				PRODUCT_NAME = "$(TARGET_NAME)";
				SWIFT_EMIT_LOC_STRINGS = YES;
				SWIFT_VERSION = 5.0;
				TARGETED_DEVICE_FAMILY = "1,2";
			};
			name = Debug;
		};
		5B8EBD452769E61800219CC6 /* Release */ = {
			isa = XCBuildConfiguration;
			baseConfigurationReference = F2C7C248B1519107A004FC03 /* Pods-SF-DDoketkurly.release.xcconfig */;
			buildSettings = {
				ASSETCATALOG_COMPILER_APPICON_NAME = AppIcon;
				ASSETCATALOG_COMPILER_GLOBAL_ACCENT_COLOR_NAME = AccentColor;
				CODE_SIGN_STYLE = Automatic;
				CURRENT_PROJECT_VERSION = 1;
				DEVELOPMENT_TEAM = 5GQ6QL9S3X;
				GENERATE_INFOPLIST_FILE = YES;
				INFOPLIST_FILE = "SF-DDoketkurly/Resource/Info.plist";
				INFOPLIST_KEY_UIApplicationSupportsIndirectInputEvents = YES;
				INFOPLIST_KEY_UILaunchStoryboardName = LaunchScreen;
				INFOPLIST_KEY_UIMainStoryboardFile = Main;
				INFOPLIST_KEY_UISupportedInterfaceOrientations_iPad = "UIInterfaceOrientationPortrait UIInterfaceOrientationPortraitUpsideDown UIInterfaceOrientationLandscapeLeft UIInterfaceOrientationLandscapeRight";
				INFOPLIST_KEY_UISupportedInterfaceOrientations_iPhone = "UIInterfaceOrientationPortrait UIInterfaceOrientationLandscapeLeft UIInterfaceOrientationLandscapeRight";
				LD_RUNPATH_SEARCH_PATHS = (
					"$(inherited)",
					"@executable_path/Frameworks",
				);
				MARKETING_VERSION = 1.0;
				PRODUCT_BUNDLE_IDENTIFIER = "com.ruheekim.SF-DDoketkurly";
				PRODUCT_NAME = "$(TARGET_NAME)";
				SWIFT_EMIT_LOC_STRINGS = YES;
				SWIFT_VERSION = 5.0;
				TARGETED_DEVICE_FAMILY = "1,2";
			};
			name = Release;
		};
/* End XCBuildConfiguration section */

/* Begin XCConfigurationList section */
		5B8EBD2A2769E61300219CC6 /* Build configuration list for PBXProject "SF-DDoketkurly" */ = {
			isa = XCConfigurationList;
			buildConfigurations = (
				5B8EBD412769E61800219CC6 /* Debug */,
				5B8EBD422769E61800219CC6 /* Release */,
			);
			defaultConfigurationIsVisible = 0;
			defaultConfigurationName = Release;
		};
		5B8EBD432769E61800219CC6 /* Build configuration list for PBXNativeTarget "SF-DDoketkurly" */ = {
			isa = XCConfigurationList;
			buildConfigurations = (
				5B8EBD442769E61800219CC6 /* Debug */,
				5B8EBD452769E61800219CC6 /* Release */,
			);
			defaultConfigurationIsVisible = 0;
			defaultConfigurationName = Release;
		};
/* End XCConfigurationList section */
	};
	rootObject = 5B8EBD272769E61300219CC6 /* Project object */;
}
